
Microsoft Visual Studio Solution File, Format Version 12.00
# Visual Studio Version 18
VisualStudioVersion = 18.0.11222.15
MinimumVisualStudioVersion = 10.0.40219.1
Project("{FAE04EC0-301F-11D3-BF4B-00C04F79EFBC}") = "WebApi.Issuer", "WebApi.Issuer\WebApi.Issuer.csproj", "{27ECCE30-6155-410B-A257-5C907EBD79C6}"
EndProject
Project("{FAE04EC0-301F-11D3-BF4B-00C04F79EFBC}") = "WebApi.Service", "WebApi.Service\WebApi.Service.csproj", "{A741CCB4-A553-4376-8F46-232C414CB37E}"
EndProject
Project("{FAE04EC0-301F-11D3-BF4B-00C04F79EFBC}") = "WebApi.Client", "WebApi.Client\WebApi.Client.csproj", "{E8FD4100-D6F3-4F63-BB30-A3C605A86E50}"
EndProject
Project("{2150E333-8FDC-42A3-9474-1A3956D46DE8}") = "Solution Items", "Solution Items", "{8679EF77-5D09-44B7-9A42-27A414BD40E1}"
	ProjectSection(SolutionItems) = preProject
		..\.editorconfig = ..\.editorconfig
		..\.gitattributes = ..\.gitattributes
		..\.gitignore = ..\.gitignore
		Directory.Build.props = Directory.Build.props
		Directory.Build.targets = Directory.Build.targets
		Directory.Packages.props = Directory.Packages.props
		..\LICENSE = ..\LICENSE
		..\README.md = ..\README.md
		..\SECURITY.md = ..\SECURITY.md
		WebApi.slnLaunch = WebApi.slnLaunch
		webspi-suite.snk = webspi-suite.snk
	EndProjectSection
EndProject
Project("{FAE04EC0-301F-11D3-BF4B-00C04F79EFBC}") = "WebApi.Common", "WebApi.Common\WebApi.Common.csproj", "{A46358B5-3B46-474B-B239-19A518E1D178}"
EndProject
Project("{FAE04EC0-301F-11D3-BF4B-00C04F79EFBC}") = "WebApi.Common.Web", "WebApi.Common.Web\WebApi.Common.Web.csproj", "{6AA1C631-EAAA-4102-A17A-3619808B4C0C}"
EndProject
Global
	GlobalSection(SolutionConfigurationPlatforms) = preSolution
		Debug|Any CPU = Debug|Any CPU
		Release|Any CPU = Release|Any CPU
	EndGlobalSection
	GlobalSection(ProjectConfigurationPlatforms) = postSolution
		{27ECCE30-6155-410B-A257-5C907EBD79C6}.Debug|Any CPU.ActiveCfg = Debug|Any CPU
		{27ECCE30-6155-410B-A257-5C907EBD79C6}.Debug|Any CPU.Build.0 = Debug|Any CPU
		{27ECCE30-6155-410B-A257-5C907EBD79C6}.Release|Any CPU.ActiveCfg = Release|Any CPU
		{27ECCE30-6155-410B-A257-5C907EBD79C6}.Release|Any CPU.Build.0 = Release|Any CPU
		{A741CCB4-A553-4376-8F46-232C414CB37E}.Debug|Any CPU.ActiveCfg = Debug|Any CPU
		{A741CCB4-A553-4376-8F46-232C414CB37E}.Debug|Any CPU.Build.0 = Debug|Any CPU
		{A741CCB4-A553-4376-8F46-232C414CB37E}.Release|Any CPU.ActiveCfg = Release|Any CPU
		{A741CCB4-A553-4376-8F46-232C414CB37E}.Release|Any CPU.Build.0 = Release|Any CPU
		{E8FD4100-D6F3-4F63-BB30-A3C605A86E50}.Debug|Any CPU.ActiveCfg = Debug|Any CPU
		{E8FD4100-D6F3-4F63-BB30-A3C605A86E50}.Debug|Any CPU.Build.0 = Debug|Any CPU
		{E8FD4100-D6F3-4F63-BB30-A3C605A86E50}.Release|Any CPU.ActiveCfg = Release|Any CPU
		{E8FD4100-D6F3-4F63-BB30-A3C605A86E50}.Release|Any CPU.Build.0 = Release|Any CPU
		{A46358B5-3B46-474B-B239-19A518E1D178}.Debug|Any CPU.ActiveCfg = Debug|Any CPU
		{A46358B5-3B46-474B-B239-19A518E1D178}.Debug|Any CPU.Build.0 = Debug|Any CPU
		{A46358B5-3B46-474B-B239-19A518E1D178}.Release|Any CPU.ActiveCfg = Release|Any CPU
		{A46358B5-3B46-474B-B239-19A518E1D178}.Release|Any CPU.Build.0 = Release|Any CPU
		{6AA1C631-EAAA-4102-A17A-3619808B4C0C}.Debug|Any CPU.ActiveCfg = Debug|Any CPU
		{6AA1C631-EAAA-4102-A17A-3619808B4C0C}.Debug|Any CPU.Build.0 = Debug|Any CPU
		{6AA1C631-EAAA-4102-A17A-3619808B4C0C}.Release|Any CPU.ActiveCfg = Release|Any CPU
		{6AA1C631-EAAA-4102-A17A-3619808B4C0C}.Release|Any CPU.Build.0 = Release|Any CPU
	EndGlobalSection
	GlobalSection(SolutionProperties) = preSolution
		HideSolutionNode = FALSE
	EndGlobalSection
	GlobalSection(ExtensibilityGlobals) = postSolution
		SolutionGuid = {86280678-C9E5-45A3-A41C-65B61A4FE94D}
	EndGlobalSection
EndGlobal
